
Microsoft Visual Studio Solution File, Format Version 12.00
# Visual Studio 15
VisualStudioVersion = 15.0.27130.2010
MinimumVisualStudioVersion = 10.0.40219.1
Project("{FAE04EC0-301F-11D3-BF4B-00C04F79EFBC}") = "PaintF", "PaintF\PaintF.csproj", "{8D5DE07C-0240-4F1B-BE0C-D00A4438069B}"
EndProject
Project("{FAE04EC0-301F-11D3-BF4B-00C04F79EFBC}") = "FigureClassLibrary", "FigureClassLibrary\FigureClassLibrary.csproj", "{CC3DA080-5B1A-418F-83CC-82239E0AA8DB}"
EndProject
Project("{FAE04EC0-301F-11D3-BF4B-00C04F79EFBC}") = "CreatorClassLibrary", "CreatorClassLibrary\CreatorClassLibrary.csproj", "{062D3A1A-11C1-403D-9497-987208742AA5}"
EndProject
Project("{FAE04EC0-301F-11D3-BF4B-00C04F79EFBC}") = "IPluginFigure", "IPlugin\IPluginFigure.csproj", "{4F7A29E8-3711-4D23-91B9-FA2895939FD3}"
EndProject
Project("{FAE04EC0-301F-11D3-BF4B-00C04F79EFBC}") = "PluginCreator", "IPluginCreator\PluginCreator.csproj", "{39070C70-21DF-4F96-AAB6-43C507360977}"
EndProject
Global
	GlobalSection(SolutionConfigurationPlatforms) = preSolution
		Debug|Any CPU = Debug|Any CPU
		Release|Any CPU = Release|Any CPU
	EndGlobalSection
	GlobalSection(ProjectConfigurationPlatforms) = postSolution
		{8D5DE07C-0240-4F1B-BE0C-D00A4438069B}.Debug|Any CPU.ActiveCfg = Debug|Any CPU
		{8D5DE07C-0240-4F1B-BE0C-D00A4438069B}.Debug|Any CPU.Build.0 = Debug|Any CPU
		{8D5DE07C-0240-4F1B-BE0C-D00A4438069B}.Release|Any CPU.ActiveCfg = Release|Any CPU
		{8D5DE07C-0240-4F1B-BE0C-D00A4438069B}.Release|Any CPU.Build.0 = Release|Any CPU
		{CC3DA080-5B1A-418F-83CC-82239E0AA8DB}.Debug|Any CPU.ActiveCfg = Debug|Any CPU
		{CC3DA080-5B1A-418F-83CC-82239E0AA8DB}.Debug|Any CPU.Build.0 = Debug|Any CPU
		{CC3DA080-5B1A-418F-83CC-82239E0AA8DB}.Release|Any CPU.ActiveCfg = Release|Any CPU
		{CC3DA080-5B1A-418F-83CC-82239E0AA8DB}.Release|Any CPU.Build.0 = Release|Any CPU
		{062D3A1A-11C1-403D-9497-987208742AA5}.Debug|Any CPU.ActiveCfg = Debug|Any CPU
		{062D3A1A-11C1-403D-9497-987208742AA5}.Debug|Any CPU.Build.0 = Debug|Any CPU
		{062D3A1A-11C1-403D-9497-987208742AA5}.Release|Any CPU.ActiveCfg = Release|Any CPU
		{062D3A1A-11C1-403D-9497-987208742AA5}.Release|Any CPU.Build.0 = Release|Any CPU
		{4F7A29E8-3711-4D23-91B9-FA2895939FD3}.Debug|Any CPU.ActiveCfg = Debug|Any CPU
		{4F7A29E8-3711-4D23-91B9-FA2895939FD3}.Debug|Any CPU.Build.0 = Debug|Any CPU
		{4F7A29E8-3711-4D23-91B9-FA2895939FD3}.Release|Any CPU.ActiveCfg = Release|Any CPU
		{4F7A29E8-3711-4D23-91B9-FA2895939FD3}.Release|Any CPU.Build.0 = Release|Any CPU
		{39070C70-21DF-4F96-AAB6-43C507360977}.Debug|Any CPU.ActiveCfg = Debug|Any CPU
		{39070C70-21DF-4F96-AAB6-43C507360977}.Debug|Any CPU.Build.0 = Debug|Any CPU
		{39070C70-21DF-4F96-AAB6-43C507360977}.Release|Any CPU.ActiveCfg = Release|Any CPU
		{39070C70-21DF-4F96-AAB6-43C507360977}.Release|Any CPU.Build.0 = Release|Any CPU
	EndGlobalSection
	GlobalSection(SolutionProperties) = preSolution
		HideSolutionNode = FALSE
	EndGlobalSection
	GlobalSection(ExtensibilityGlobals) = postSolution
		SolutionGuid = {42974083-7F2C-4560-81B8-1797104E5002}
	EndGlobalSection
EndGlobal
